// !$*UTF8*$!
{
	archiveVersion = 1;
	classes = {
	};
	objectVersion = 56;
	objects = {

/* Begin PBXBuildFile section */
		C27CC8432B9A280300AB3AB1 /* DiaryOfACEOApp.swift in Sources */ = {isa = PBXBuildFile; fileRef = C27CC8422B9A280300AB3AB1 /* DiaryOfACEOApp.swift */; };
		C27CC8452B9A280300AB3AB1 /* MasterView.swift in Sources */ = {isa = PBXBuildFile; fileRef = C27CC8442B9A280300AB3AB1 /* MasterView.swift */; };
		C27CC8472B9A280400AB3AB1 /* Assets.xcassets in Resources */ = {isa = PBXBuildFile; fileRef = C27CC8462B9A280400AB3AB1 /* Assets.xcassets */; };
		C27CC84B2B9A280400AB3AB1 /* Preview Assets.xcassets in Resources */ = {isa = PBXBuildFile; fileRef = C27CC84A2B9A280400AB3AB1 /* Preview Assets.xcassets */; };
		C27CC8582B9A2F4A00AB3AB1 /* HomeView.swift in Sources */ = {isa = PBXBuildFile; fileRef = C27CC8572B9A2F4A00AB3AB1 /* HomeView.swift */; };
		C27CC85B2B9A2FDC00AB3AB1 /* OnboardingView.swift in Sources */ = {isa = PBXBuildFile; fileRef = C27CC85A2B9A2FDC00AB3AB1 /* OnboardingView.swift */; };
		C27CC8602B9A305100AB3AB1 /* ButtonStyle+Ex.swift in Sources */ = {isa = PBXBuildFile; fileRef = C27CC85F2B9A305100AB3AB1 /* ButtonStyle+Ex.swift */; };
		C27CC8642B9A314600AB3AB1 /* CapsuleButton.swift in Sources */ = {isa = PBXBuildFile; fileRef = C27CC8632B9A314600AB3AB1 /* CapsuleButton.swift */; };
		C27CC8662B9A324000AB3AB1 /* UIScreen+Ex.swift in Sources */ = {isa = PBXBuildFile; fileRef = C27CC8652B9A324000AB3AB1 /* UIScreen+Ex.swift */; };
		C27CC8682B9A33E800AB3AB1 /* View+Ex.swift in Sources */ = {isa = PBXBuildFile; fileRef = C27CC8672B9A33E800AB3AB1 /* View+Ex.swift */; };
		C27CC86A2B9A33FD00AB3AB1 /* UINavigationController+Ex.swift in Sources */ = {isa = PBXBuildFile; fileRef = C27CC8692B9A33FD00AB3AB1 /* UINavigationController+Ex.swift */; };
		C27CC86C2B9A368500AB3AB1 /* OnboardingViewModel.swift in Sources */ = {isa = PBXBuildFile; fileRef = C27CC86B2B9A368500AB3AB1 /* OnboardingViewModel.swift */; };
		C27CC8702B9A3BA900AB3AB1 /* CardScrollView.swift in Sources */ = {isa = PBXBuildFile; fileRef = C27CC86F2B9A3BA900AB3AB1 /* CardScrollView.swift */; };
		C27CC8722B9A3BB900AB3AB1 /* CardCell.swift in Sources */ = {isa = PBXBuildFile; fileRef = C27CC8712B9A3BB900AB3AB1 /* CardCell.swift */; };
/* End PBXBuildFile section */

/* Begin PBXFileReference section */
		C27CC83F2B9A280300AB3AB1 /* DiaryOfACEO.app */ = {isa = PBXFileReference; explicitFileType = wrapper.application; includeInIndex = 0; path = DiaryOfACEO.app; sourceTree = BUILT_PRODUCTS_DIR; };
		C27CC8422B9A280300AB3AB1 /* DiaryOfACEOApp.swift */ = {isa = PBXFileReference; lastKnownFileType = sourcecode.swift; path = DiaryOfACEOApp.swift; sourceTree = "<group>"; };
		C27CC8442B9A280300AB3AB1 /* MasterView.swift */ = {isa = PBXFileReference; lastKnownFileType = sourcecode.swift; path = MasterView.swift; sourceTree = "<group>"; };
		C27CC8462B9A280400AB3AB1 /* Assets.xcassets */ = {isa = PBXFileReference; lastKnownFileType = folder.assetcatalog; path = Assets.xcassets; sourceTree = "<group>"; };
		C27CC8482B9A280400AB3AB1 /* DiaryOfACEO.entitlements */ = {isa = PBXFileReference; lastKnownFileType = text.plist.entitlements; path = DiaryOfACEO.entitlements; sourceTree = "<group>"; };
		C27CC84A2B9A280400AB3AB1 /* Preview Assets.xcassets */ = {isa = PBXFileReference; lastKnownFileType = folder.assetcatalog; path = "Preview Assets.xcassets"; sourceTree = "<group>"; };
		C27CC8572B9A2F4A00AB3AB1 /* HomeView.swift */ = {isa = PBXFileReference; lastKnownFileType = sourcecode.swift; path = HomeView.swift; sourceTree = "<group>"; };
		C27CC85A2B9A2FDC00AB3AB1 /* OnboardingView.swift */ = {isa = PBXFileReference; lastKnownFileType = sourcecode.swift; path = OnboardingView.swift; sourceTree = "<group>"; };
		C27CC85F2B9A305100AB3AB1 /* ButtonStyle+Ex.swift */ = {isa = PBXFileReference; lastKnownFileType = sourcecode.swift; path = "ButtonStyle+Ex.swift"; sourceTree = "<group>"; };
		C27CC8632B9A314600AB3AB1 /* CapsuleButton.swift */ = {isa = PBXFileReference; lastKnownFileType = sourcecode.swift; path = CapsuleButton.swift; sourceTree = "<group>"; };
		C27CC8652B9A324000AB3AB1 /* UIScreen+Ex.swift */ = {isa = PBXFileReference; lastKnownFileType = sourcecode.swift; path = "UIScreen+Ex.swift"; sourceTree = "<group>"; };
		C27CC8672B9A33E800AB3AB1 /* View+Ex.swift */ = {isa = PBXFileReference; lastKnownFileType = sourcecode.swift; path = "View+Ex.swift"; sourceTree = "<group>"; };
		C27CC8692B9A33FD00AB3AB1 /* UINavigationController+Ex.swift */ = {isa = PBXFileReference; lastKnownFileType = sourcecode.swift; path = "UINavigationController+Ex.swift"; sourceTree = "<group>"; };
		C27CC86B2B9A368500AB3AB1 /* OnboardingViewModel.swift */ = {isa = PBXFileReference; lastKnownFileType = sourcecode.swift; path = OnboardingViewModel.swift; sourceTree = "<group>"; };
		C27CC86F2B9A3BA900AB3AB1 /* CardScrollView.swift */ = {isa = PBXFileReference; lastKnownFileType = sourcecode.swift; path = CardScrollView.swift; sourceTree = "<group>"; };
		C27CC8712B9A3BB900AB3AB1 /* CardCell.swift */ = {isa = PBXFileReference; lastKnownFileType = sourcecode.swift; path = CardCell.swift; sourceTree = "<group>"; };
/* End PBXFileReference section */

/* Begin PBXFrameworksBuildPhase section */
		C27CC83C2B9A280300AB3AB1 /* Frameworks */ = {
			isa = PBXFrameworksBuildPhase;
			buildActionMask = 2147483647;
			files = (
			);
			runOnlyForDeploymentPostprocessing = 0;
		};
/* End PBXFrameworksBuildPhase section */

/* Begin PBXGroup section */
		C27CC8362B9A280300AB3AB1 = {
			isa = PBXGroup;
			children = (
				C27CC8412B9A280300AB3AB1 /* DiaryOfACEO */,
				C27CC8402B9A280300AB3AB1 /* Products */,
			);
			sourceTree = "<group>";
		};
		C27CC8402B9A280300AB3AB1 /* Products */ = {
			isa = PBXGroup;
			children = (
				C27CC83F2B9A280300AB3AB1 /* DiaryOfACEO.app */,
			);
			name = Products;
			sourceTree = "<group>";
		};
		C27CC8412B9A280300AB3AB1 /* DiaryOfACEO */ = {
			isa = PBXGroup;
			children = (
				C27CC8512B9A2DB200AB3AB1 /* App */,
				C27CC8532B9A2DDE00AB3AB1 /* Assets */,
				C27CC86E2B9A3B5600AB3AB1 /* Cards */,
				C27CC85C2B9A300A00AB3AB1 /* Common */,
				C27CC8542B9A2DE700AB3AB1 /* Config */,
				C27CC8562B9A2F3F00AB3AB1 /* Home */,
				C27CC8552B9A2E2500AB3AB1 /* Onboarding */,
				C27CC85D2B9A301800AB3AB1 /* Utils */,
				C27CC8492B9A280400AB3AB1 /* Preview Content */,
			);
			path = DiaryOfACEO;
			sourceTree = "<group>";
		};
		C27CC8492B9A280400AB3AB1 /* Preview Content */ = {
			isa = PBXGroup;
			children = (
				C27CC84A2B9A280400AB3AB1 /* Preview Assets.xcassets */,
			);
			path = "Preview Content";
			sourceTree = "<group>";
		};
		C27CC8512B9A2DB200AB3AB1 /* App */ = {
			isa = PBXGroup;
			children = (
				C27CC8422B9A280300AB3AB1 /* DiaryOfACEOApp.swift */,
				C27CC8442B9A280300AB3AB1 /* MasterView.swift */,
			);
			path = App;
			sourceTree = "<group>";
		};
		C27CC8532B9A2DDE00AB3AB1 /* Assets */ = {
			isa = PBXGroup;
			children = (
				C27CC8462B9A280400AB3AB1 /* Assets.xcassets */,
			);
			path = Assets;
			sourceTree = "<group>";
		};
		C27CC8542B9A2DE700AB3AB1 /* Config */ = {
			isa = PBXGroup;
			children = (
				C27CC8482B9A280400AB3AB1 /* DiaryOfACEO.entitlements */,
			);
			path = Config;
			sourceTree = "<group>";
		};
		C27CC8552B9A2E2500AB3AB1 /* Onboarding */ = {
			isa = PBXGroup;
			children = (
				C27CC85A2B9A2FDC00AB3AB1 /* OnboardingView.swift */,
				C27CC86B2B9A368500AB3AB1 /* OnboardingViewModel.swift */,
			);
			path = Onboarding;
			sourceTree = "<group>";
		};
		C27CC8562B9A2F3F00AB3AB1 /* Home */ = {
			isa = PBXGroup;
			children = (
				C27CC8572B9A2F4A00AB3AB1 /* HomeView.swift */,
			);
			path = Home;
			sourceTree = "<group>";
		};
		C27CC85C2B9A300A00AB3AB1 /* Common */ = {
			isa = PBXGroup;
			children = (
				C27CC8632B9A314600AB3AB1 /* CapsuleButton.swift */,
			);
			path = Common;
			sourceTree = "<group>";
		};
		C27CC85D2B9A301800AB3AB1 /* Utils */ = {
			isa = PBXGroup;
			children = (
				C27CC85F2B9A305100AB3AB1 /* ButtonStyle+Ex.swift */,
				C27CC8652B9A324000AB3AB1 /* UIScreen+Ex.swift */,
				C27CC8672B9A33E800AB3AB1 /* View+Ex.swift */,
				C27CC8692B9A33FD00AB3AB1 /* UINavigationController+Ex.swift */,
			);
			path = Utils;
			sourceTree = "<group>";
		};
		C27CC86E2B9A3B5600AB3AB1 /* Cards */ = {
			isa = PBXGroup;
			children = (
				C27CC86F2B9A3BA900AB3AB1 /* CardScrollView.swift */,
				C27CC8712B9A3BB900AB3AB1 /* CardCell.swift */,
			);
			path = Cards;
			sourceTree = "<group>";
		};
/* End PBXGroup section */

/* Begin PBXNativeTarget section */
		C27CC83E2B9A280300AB3AB1 /* DiaryOfACEO */ = {
			isa = PBXNativeTarget;
			buildConfigurationList = C27CC84E2B9A280400AB3AB1 /* Build configuration list for PBXNativeTarget "DiaryOfACEO" */;
			buildPhases = (
				C27CC83B2B9A280300AB3AB1 /* Sources */,
				C27CC83C2B9A280300AB3AB1 /* Frameworks */,
				C27CC83D2B9A280300AB3AB1 /* Resources */,
			);
			buildRules = (
			);
			dependencies = (
			);
			name = DiaryOfACEO;
			productName = DiaryOfACEO;
			productReference = C27CC83F2B9A280300AB3AB1 /* DiaryOfACEO.app */;
			productType = "com.apple.product-type.application";
		};
/* End PBXNativeTarget section */

/* Begin PBXProject section */
		C27CC8372B9A280300AB3AB1 /* Project object */ = {
			isa = PBXProject;
			attributes = {
				BuildIndependentTargetsInParallel = 1;
				LastSwiftUpdateCheck = 1520;
				LastUpgradeCheck = 1520;
				TargetAttributes = {
					C27CC83E2B9A280300AB3AB1 = {
						CreatedOnToolsVersion = 15.2;
					};
				};
			};
			buildConfigurationList = C27CC83A2B9A280300AB3AB1 /* Build configuration list for PBXProject "DiaryOfACEO" */;
			compatibilityVersion = "Xcode 14.0";
			developmentRegion = en;
			hasScannedForEncodings = 0;
			knownRegions = (
				en,
				Base,
			);
			mainGroup = C27CC8362B9A280300AB3AB1;
			productRefGroup = C27CC8402B9A280300AB3AB1 /* Products */;
			projectDirPath = "";
			projectRoot = "";
			targets = (
				C27CC83E2B9A280300AB3AB1 /* DiaryOfACEO */,
			);
		};
/* End PBXProject section */

/* Begin PBXResourcesBuildPhase section */
		C27CC83D2B9A280300AB3AB1 /* Resources */ = {
			isa = PBXResourcesBuildPhase;
			buildActionMask = 2147483647;
			files = (
				C27CC84B2B9A280400AB3AB1 /* Preview Assets.xcassets in Resources */,
				C27CC8472B9A280400AB3AB1 /* Assets.xcassets in Resources */,
			);
			runOnlyForDeploymentPostprocessing = 0;
		};
/* End PBXResourcesBuildPhase section */

/* Begin PBXSourcesBuildPhase section */
		C27CC83B2B9A280300AB3AB1 /* Sources */ = {
			isa = PBXSourcesBuildPhase;
			buildActionMask = 2147483647;
			files = (
				C27CC8642B9A314600AB3AB1 /* CapsuleButton.swift in Sources */,
				C27CC8582B9A2F4A00AB3AB1 /* HomeView.swift in Sources */,
				C27CC85B2B9A2FDC00AB3AB1 /* OnboardingView.swift in Sources */,
				C27CC8682B9A33E800AB3AB1 /* View+Ex.swift in Sources */,
				C27CC8702B9A3BA900AB3AB1 /* CardScrollView.swift in Sources */,
				C27CC8602B9A305100AB3AB1 /* ButtonStyle+Ex.swift in Sources */,
				C27CC86C2B9A368500AB3AB1 /* OnboardingViewModel.swift in Sources */,
				C27CC86A2B9A33FD00AB3AB1 /* UINavigationController+Ex.swift in Sources */,
				C27CC8452B9A280300AB3AB1 /* MasterView.swift in Sources */,
				C27CC8432B9A280300AB3AB1 /* DiaryOfACEOApp.swift in Sources */,
				C27CC8662B9A324000AB3AB1 /* UIScreen+Ex.swift in Sources */,
				C27CC8722B9A3BB900AB3AB1 /* CardCell.swift in Sources */,
			);
			runOnlyForDeploymentPostprocessing = 0;
		};
/* End PBXSourcesBuildPhase section */

/* Begin XCBuildConfiguration section */
		C27CC84C2B9A280400AB3AB1 /* Debug */ = {
			isa = XCBuildConfiguration;
			buildSettings = {
				ALWAYS_SEARCH_USER_PATHS = NO;
				ASSETCATALOG_COMPILER_GENERATE_SWIFT_ASSET_SYMBOL_EXTENSIONS = YES;
				CLANG_ANALYZER_NONNULL = YES;
				CLANG_ANALYZER_NUMBER_OBJECT_CONVERSION = YES_AGGRESSIVE;
				CLANG_CXX_LANGUAGE_STANDARD = "gnu++20";
				CLANG_ENABLE_MODULES = YES;
				CLANG_ENABLE_OBJC_ARC = YES;
				CLANG_ENABLE_OBJC_WEAK = YES;
				CLANG_WARN_BLOCK_CAPTURE_AUTORELEASING = YES;
				CLANG_WARN_BOOL_CONVERSION = YES;
				CLANG_WARN_COMMA = YES;
				CLANG_WARN_CONSTANT_CONVERSION = YES;
				CLANG_WARN_DEPRECATED_OBJC_IMPLEMENTATIONS = YES;
				CLANG_WARN_DIRECT_OBJC_ISA_USAGE = YES_ERROR;
				CLANG_WARN_DOCUMENTATION_COMMENTS = YES;
				CLANG_WARN_EMPTY_BODY = YES;
				CLANG_WARN_ENUM_CONVERSION = YES;
				CLANG_WARN_INFINITE_RECURSION = YES;
				CLANG_WARN_INT_CONVERSION = YES;
				CLANG_WARN_NON_LITERAL_NULL_CONVERSION = YES;
				CLANG_WARN_OBJC_IMPLICIT_RETAIN_SELF = YES;
				CLANG_WARN_OBJC_LITERAL_CONVERSION = YES;
				CLANG_WARN_OBJC_ROOT_CLASS = YES_ERROR;
				CLANG_WARN_QUOTED_INCLUDE_IN_FRAMEWORK_HEADER = YES;
				CLANG_WARN_RANGE_LOOP_ANALYSIS = YES;
				CLANG_WARN_STRICT_PROTOTYPES = YES;
				CLANG_WARN_SUSPICIOUS_MOVE = YES;
				CLANG_WARN_UNGUARDED_AVAILABILITY = YES_AGGRESSIVE;
				CLANG_WARN_UNREACHABLE_CODE = YES;
				CLANG_WARN__DUPLICATE_METHOD_MATCH = YES;
				COPY_PHASE_STRIP = NO;
				DEBUG_INFORMATION_FORMAT = dwarf;
				ENABLE_STRICT_OBJC_MSGSEND = YES;
				ENABLE_TESTABILITY = YES;
				ENABLE_USER_SCRIPT_SANDBOXING = YES;
				GCC_C_LANGUAGE_STANDARD = gnu17;
				GCC_DYNAMIC_NO_PIC = NO;
				GCC_NO_COMMON_BLOCKS = YES;
				GCC_OPTIMIZATION_LEVEL = 0;
				GCC_PREPROCESSOR_DEFINITIONS = (
					"DEBUG=1",
					"$(inherited)",
				);
				GCC_WARN_64_TO_32_BIT_CONVERSION = YES;
				GCC_WARN_ABOUT_RETURN_TYPE = YES_ERROR;
				GCC_WARN_UNDECLARED_SELECTOR = YES;
				GCC_WARN_UNINITIALIZED_AUTOS = YES_AGGRESSIVE;
				GCC_WARN_UNUSED_FUNCTION = YES;
				GCC_WARN_UNUSED_VARIABLE = YES;
				LOCALIZATION_PREFERS_STRING_CATALOGS = YES;
				MTL_ENABLE_DEBUG_INFO = INCLUDE_SOURCE;
				MTL_FAST_MATH = YES;
				ONLY_ACTIVE_ARCH = YES;
				SWIFT_ACTIVE_COMPILATION_CONDITIONS = "DEBUG $(inherited)";
				SWIFT_OPTIMIZATION_LEVEL = "-Onone";
			};
			name = Debug;
		};
		C27CC84D2B9A280400AB3AB1 /* Release */ = {
			isa = XCBuildConfiguration;
			buildSettings = {
				ALWAYS_SEARCH_USER_PATHS = NO;
				ASSETCATALOG_COMPILER_GENERATE_SWIFT_ASSET_SYMBOL_EXTENSIONS = YES;
				CLANG_ANALYZER_NONNULL = YES;
				CLANG_ANALYZER_NUMBER_OBJECT_CONVERSION = YES_AGGRESSIVE;
				CLANG_CXX_LANGUAGE_STANDARD = "gnu++20";
				CLANG_ENABLE_MODULES = YES;
				CLANG_ENABLE_OBJC_ARC = YES;
				CLANG_ENABLE_OBJC_WEAK = YES;
				CLANG_WARN_BLOCK_CAPTURE_AUTORELEASING = YES;
				CLANG_WARN_BOOL_CONVERSION = YES;
				CLANG_WARN_COMMA = YES;
				CLANG_WARN_CONSTANT_CONVERSION = YES;
				CLANG_WARN_DEPRECATED_OBJC_IMPLEMENTATIONS = YES;
				CLANG_WARN_DIRECT_OBJC_ISA_USAGE = YES_ERROR;
				CLANG_WARN_DOCUMENTATION_COMMENTS = YES;
				CLANG_WARN_EMPTY_BODY = YES;
				CLANG_WARN_ENUM_CONVERSION = YES;
				CLANG_WARN_INFINITE_RECURSION = YES;
				CLANG_WARN_INT_CONVERSION = YES;
				CLANG_WARN_NON_LITERAL_NULL_CONVERSION = YES;
				CLANG_WARN_OBJC_IMPLICIT_RETAIN_SELF = YES;
				CLANG_WARN_OBJC_LITERAL_CONVERSION = YES;
				CLANG_WARN_OBJC_ROOT_CLASS = YES_ERROR;
				CLANG_WARN_QUOTED_INCLUDE_IN_FRAMEWORK_HEADER = YES;
				CLANG_WARN_RANGE_LOOP_ANALYSIS = YES;
				CLANG_WARN_STRICT_PROTOTYPES = YES;
				CLANG_WARN_SUSPICIOUS_MOVE = YES;
				CLANG_WARN_UNGUARDED_AVAILABILITY = YES_AGGRESSIVE;
				CLANG_WARN_UNREACHABLE_CODE = YES;
				CLANG_WARN__DUPLICATE_METHOD_MATCH = YES;
				COPY_PHASE_STRIP = NO;
				DEBUG_INFORMATION_FORMAT = "dwarf-with-dsym";
				ENABLE_NS_ASSERTIONS = NO;
				ENABLE_STRICT_OBJC_MSGSEND = YES;
				ENABLE_USER_SCRIPT_SANDBOXING = YES;
				GCC_C_LANGUAGE_STANDARD = gnu17;
				GCC_NO_COMMON_BLOCKS = YES;
				GCC_WARN_64_TO_32_BIT_CONVERSION = YES;
				GCC_WARN_ABOUT_RETURN_TYPE = YES_ERROR;
				GCC_WARN_UNDECLARED_SELECTOR = YES;
				GCC_WARN_UNINITIALIZED_AUTOS = YES_AGGRESSIVE;
				GCC_WARN_UNUSED_FUNCTION = YES;
				GCC_WARN_UNUSED_VARIABLE = YES;
				LOCALIZATION_PREFERS_STRING_CATALOGS = YES;
				MTL_ENABLE_DEBUG_INFO = NO;
				MTL_FAST_MATH = YES;
				SWIFT_COMPILATION_MODE = wholemodule;
			};
			name = Release;
		};
		C27CC84F2B9A280400AB3AB1 /* Debug */ = {
			isa = XCBuildConfiguration;
			buildSettings = {
				ASSETCATALOG_COMPILER_APPICON_NAME = AppIcon;
				ASSETCATALOG_COMPILER_GLOBAL_ACCENT_COLOR_NAME = AccentColor;
				CODE_SIGN_ENTITLEMENTS = DiaryOfACEO/Config/DiaryOfACEO.entitlements;
				CODE_SIGN_STYLE = Automatic;
				CURRENT_PROJECT_VERSION = 1;
				DEVELOPMENT_ASSET_PATHS = "\"DiaryOfACEO/Preview Content\"";
				DEVELOPMENT_TEAM = WF6F5UBRBL;
				ENABLE_HARDENED_RUNTIME = YES;
				ENABLE_PREVIEWS = YES;
				GENERATE_INFOPLIST_FILE = YES;
				"INFOPLIST_KEY_UIApplicationSceneManifest_Generation[sdk=iphoneos*]" = YES;
				"INFOPLIST_KEY_UIApplicationSceneManifest_Generation[sdk=iphonesimulator*]" = YES;
				"INFOPLIST_KEY_UIApplicationSupportsIndirectInputEvents[sdk=iphoneos*]" = YES;
				"INFOPLIST_KEY_UIApplicationSupportsIndirectInputEvents[sdk=iphonesimulator*]" = YES;
				"INFOPLIST_KEY_UILaunchScreen_Generation[sdk=iphoneos*]" = YES;
				"INFOPLIST_KEY_UILaunchScreen_Generation[sdk=iphonesimulator*]" = YES;
				"INFOPLIST_KEY_UIStatusBarStyle[sdk=iphoneos*]" = UIStatusBarStyleDefault;
				"INFOPLIST_KEY_UIStatusBarStyle[sdk=iphonesimulator*]" = UIStatusBarStyleDefault;
				INFOPLIST_KEY_UISupportedInterfaceOrientations_iPad = "UIInterfaceOrientationPortrait UIInterfaceOrientationPortraitUpsideDown UIInterfaceOrientationLandscapeLeft UIInterfaceOrientationLandscapeRight";
				INFOPLIST_KEY_UISupportedInterfaceOrientations_iPhone = "UIInterfaceOrientationPortrait UIInterfaceOrientationLandscapeLeft UIInterfaceOrientationLandscapeRight";
				INFOPLIST_KEY_UIUserInterfaceStyle = Dark;
				IPHONEOS_DEPLOYMENT_TARGET = 15.4;
				LD_RUNPATH_SEARCH_PATHS = "@executable_path/Frameworks";
				"LD_RUNPATH_SEARCH_PATHS[sdk=macosx*]" = "@executable_path/../Frameworks";
				MACOSX_DEPLOYMENT_TARGET = 14.2;
				MARKETING_VERSION = 1.0;
				PRODUCT_BUNDLE_IDENTIFIER = com.sidneysadel.DiaryOfACEO;
				PRODUCT_NAME = "$(TARGET_NAME)";
				SDKROOT = auto;
				SUPPORTED_PLATFORMS = "iphoneos iphonesimulator";
				SUPPORTS_MACCATALYST = NO;
				SWIFT_EMIT_LOC_STRINGS = YES;
				SWIFT_VERSION = 5.0;
				TARGETED_DEVICE_FAMILY = 1;
			};
			name = Debug;
		};
		C27CC8502B9A280400AB3AB1 /* Release */ = {
			isa = XCBuildConfiguration;
			buildSettings = {
				ASSETCATALOG_COMPILER_APPICON_NAME = AppIcon;
				ASSETCATALOG_COMPILER_GLOBAL_ACCENT_COLOR_NAME = AccentColor;
				CODE_SIGN_ENTITLEMENTS = DiaryOfACEO/Config/DiaryOfACEO.entitlements;
				CODE_SIGN_STYLE = Automatic;
				CURRENT_PROJECT_VERSION = 1;
				DEVELOPMENT_ASSET_PATHS = "\"DiaryOfACEO/Preview Content\"";
				DEVELOPMENT_TEAM = WF6F5UBRBL;
				ENABLE_HARDENED_RUNTIME = YES;
				ENABLE_PREVIEWS = YES;
				GENERATE_INFOPLIST_FILE = YES;
				"INFOPLIST_KEY_UIApplicationSceneManifest_Generation[sdk=iphoneos*]" = YES;
				"INFOPLIST_KEY_UIApplicationSceneManifest_Generation[sdk=iphonesimulator*]" = YES;
				"INFOPLIST_KEY_UIApplicationSupportsIndirectInputEvents[sdk=iphoneos*]" = YES;
				"INFOPLIST_KEY_UIApplicationSupportsIndirectInputEvents[sdk=iphonesimulator*]" = YES;
				"INFOPLIST_KEY_UILaunchScreen_Generation[sdk=iphoneos*]" = YES;
				"INFOPLIST_KEY_UILaunchScreen_Generation[sdk=iphonesimulator*]" = YES;
				"INFOPLIST_KEY_UIStatusBarStyle[sdk=iphoneos*]" = UIStatusBarStyleDefault;
				"INFOPLIST_KEY_UIStatusBarStyle[sdk=iphonesimulator*]" = UIStatusBarStyleDefault;
				INFOPLIST_KEY_UISupportedInterfaceOrientations_iPad = "UIInterfaceOrientationPortrait UIInterfaceOrientationPortraitUpsideDown UIInterfaceOrientationLandscapeLeft UIInterfaceOrientationLandscapeRight";
				INFOPLIST_KEY_UISupportedInterfaceOrientations_iPhone = "UIInterfaceOrientationPortrait UIInterfaceOrientationLandscapeLeft UIInterfaceOrientationLandscapeRight";
				INFOPLIST_KEY_UIUserInterfaceStyle = Dark;
				IPHONEOS_DEPLOYMENT_TARGET = 15.4;
				LD_RUNPATH_SEARCH_PATHS = "@executable_path/Frameworks";
				"LD_RUNPATH_SEARCH_PATHS[sdk=macosx*]" = "@executable_path/../Frameworks";
				MACOSX_DEPLOYMENT_TARGET = 14.2;
				MARKETING_VERSION = 1.0;
				PRODUCT_BUNDLE_IDENTIFIER = com.sidneysadel.DiaryOfACEO;
				PRODUCT_NAME = "$(TARGET_NAME)";
				SDKROOT = auto;
				SUPPORTED_PLATFORMS = "iphoneos iphonesimulator";
				SUPPORTS_MACCATALYST = NO;
				SWIFT_EMIT_LOC_STRINGS = YES;
				SWIFT_VERSION = 5.0;
				TARGETED_DEVICE_FAMILY = 1;
			};
			name = Release;
		};
/* End XCBuildConfiguration section */

/* Begin XCConfigurationList section */
		C27CC83A2B9A280300AB3AB1 /* Build configuration list for PBXProject "DiaryOfACEO" */ = {
			isa = XCConfigurationList;
			buildConfigurations = (
				C27CC84C2B9A280400AB3AB1 /* Debug */,
				C27CC84D2B9A280400AB3AB1 /* Release */,
			);
			defaultConfigurationIsVisible = 0;
			defaultConfigurationName = Release;
		};
		C27CC84E2B9A280400AB3AB1 /* Build configuration list for PBXNativeTarget "DiaryOfACEO" */ = {
			isa = XCConfigurationList;
			buildConfigurations = (
				C27CC84F2B9A280400AB3AB1 /* Debug */,
				C27CC8502B9A280400AB3AB1 /* Release */,
			);
			defaultConfigurationIsVisible = 0;
			defaultConfigurationName = Release;
		};
/* End XCConfigurationList section */
	};
	rootObject = C27CC8372B9A280300AB3AB1 /* Project object */;
}
